
Microsoft Visual Studio Solution File, Format Version 12.00
# Visual Studio Version 16
VisualStudioVersion = 16.0.30621.155
MinimumVisualStudioVersion = 10.0.40219.1
Project("{F184B08F-C81C-45F6-A57F-5ABD9991F28F}") = "Eigenvaloeres y Eigenvectores", "Eigenvaloeres y Eigenvectores.vbproj", "{D3DE25C9-E457-4950-9AB9-00D0098BF17D}"
EndProject
Project("{54435603-DBB4-11D2-8724-00A0C9A8B90C}") = "Setup", "..\Setup\Setup.vdproj", "{20DA3B69-71A0-4B7C-85F6-40E927993FB5}"
EndProject
Project("{F184B08F-C81C-45F6-A57F-5ABD9991F28F}") = "EigenCalculatorTest", "..\EigenCalculatorTest\EigenCalculatorTest.vbproj", "{8D09C00D-B7C0-4E1F-9D91-1FB3FB2D5230}"
EndProject
Global
	GlobalSection(SolutionConfigurationPlatforms) = preSolution
		Debug|Any CPU = Debug|Any CPU
		Debug|x86 = Debug|x86
		Release|Any CPU = Release|Any CPU
		Release|x86 = Release|x86
	EndGlobalSection
	GlobalSection(ProjectConfigurationPlatforms) = postSolution
		{D3DE25C9-E457-4950-9AB9-00D0098BF17D}.Debug|Any CPU.ActiveCfg = Debug|x86
		{D3DE25C9-E457-4950-9AB9-00D0098BF17D}.Debug|x86.ActiveCfg = Debug|x86
		{D3DE25C9-E457-4950-9AB9-00D0098BF17D}.Debug|x86.Build.0 = Debug|x86
		{D3DE25C9-E457-4950-9AB9-00D0098BF17D}.Release|Any CPU.ActiveCfg = Release|x86
		{D3DE25C9-E457-4950-9AB9-00D0098BF17D}.Release|x86.ActiveCfg = Release|x86
		{D3DE25C9-E457-4950-9AB9-00D0098BF17D}.Release|x86.Build.0 = Release|x86
		{20DA3B69-71A0-4B7C-85F6-40E927993FB5}.Debug|Any CPU.ActiveCfg = Debug
		{20DA3B69-71A0-4B7C-85F6-40E927993FB5}.Debug|Any CPU.Build.0 = Debug
		{20DA3B69-71A0-4B7C-85F6-40E927993FB5}.Debug|x86.ActiveCfg = Debug
		{20DA3B69-71A0-4B7C-85F6-40E927993FB5}.Debug|x86.Build.0 = Debug
		{20DA3B69-71A0-4B7C-85F6-40E927993FB5}.Release|Any CPU.ActiveCfg = Release
		{20DA3B69-71A0-4B7C-85F6-40E927993FB5}.Release|Any CPU.Build.0 = Release
		{20DA3B69-71A0-4B7C-85F6-40E927993FB5}.Release|x86.ActiveCfg = Release
		{20DA3B69-71A0-4B7C-85F6-40E927993FB5}.Release|x86.Build.0 = Release
		{8D09C00D-B7C0-4E1F-9D91-1FB3FB2D5230}.Debug|Any CPU.ActiveCfg = Debug|Any CPU
		{8D09C00D-B7C0-4E1F-9D91-1FB3FB2D5230}.Debug|Any CPU.Build.0 = Debug|Any CPU
		{8D09C00D-B7C0-4E1F-9D91-1FB3FB2D5230}.Debug|x86.ActiveCfg = Debug|Any CPU
		{8D09C00D-B7C0-4E1F-9D91-1FB3FB2D5230}.Debug|x86.Build.0 = Debug|Any CPU
		{8D09C00D-B7C0-4E1F-9D91-1FB3FB2D5230}.Release|Any CPU.ActiveCfg = Release|Any CPU
		{8D09C00D-B7C0-4E1F-9D91-1FB3FB2D5230}.Release|Any CPU.Build.0 = Release|Any CPU
		{8D09C00D-B7C0-4E1F-9D91-1FB3FB2D5230}.Release|x86.ActiveCfg = Release|Any CPU
		{8D09C00D-B7C0-4E1F-9D91-1FB3FB2D5230}.Release|x86.Build.0 = Release|Any CPU
	EndGlobalSection
	GlobalSection(SolutionProperties) = preSolution
		HideSolutionNode = FALSE
	EndGlobalSection
	GlobalSection(ExtensibilityGlobals) = postSolution
		SolutionGuid = {AE6B67BF-FE58-43B6-9530-7B35F6F65985}
	EndGlobalSection
EndGlobal
